// !$*UTF8*$!
{
	archiveVersion = 1;
	classes = {
	};
	objectVersion = 50;
	objects = {

/* Begin PBXBuildFile section */
		5FA9DF2724C7625B0030FC0A /* AppDelegate.swift in Sources */ = {isa = PBXBuildFile; fileRef = 5FA9DF2624C7625B0030FC0A /* AppDelegate.swift */; };
		5FA9DF2924C7625B0030FC0A /* SceneDelegate.swift in Sources */ = {isa = PBXBuildFile; fileRef = 5FA9DF2824C7625B0030FC0A /* SceneDelegate.swift */; };
		5FA9DF2B24C7625B0030FC0A /* ImageCollectionViewController.swift in Sources */ = {isa = PBXBuildFile; fileRef = 5FA9DF2A24C7625B0030FC0A /* ImageCollectionViewController.swift */; };
		5FA9DF2E24C7625B0030FC0A /* Main.storyboard in Resources */ = {isa = PBXBuildFile; fileRef = 5FA9DF2C24C7625B0030FC0A /* Main.storyboard */; };
		5FA9DF3024C7625F0030FC0A /* Assets.xcassets in Resources */ = {isa = PBXBuildFile; fileRef = 5FA9DF2F24C7625F0030FC0A /* Assets.xcassets */; };
		5FA9DF3324C7625F0030FC0A /* LaunchScreen.storyboard in Resources */ = {isa = PBXBuildFile; fileRef = 5FA9DF3124C7625F0030FC0A /* LaunchScreen.storyboard */; };
		5FA9DF3E24C7625F0030FC0A /* VenturusChallengeTests.swift in Sources */ = {isa = PBXBuildFile; fileRef = 5FA9DF3D24C7625F0030FC0A /* VenturusChallengeTests.swift */; };
		5FA9DF5924C76B7E0030FC0A /* EndPoints.swift in Sources */ = {isa = PBXBuildFile; fileRef = 5FA9DF5824C76B7E0030FC0A /* EndPoints.swift */; };
		5FA9DF5B24C76D590030FC0A /* HTTPManager.swift in Sources */ = {isa = PBXBuildFile; fileRef = 5FA9DF5A24C76D590030FC0A /* HTTPManager.swift */; };
		5FA9DF5D24C76D9B0030FC0A /* VenturusChallenge.strings in Resources */ = {isa = PBXBuildFile; fileRef = 5FA9DF5C24C76D9B0030FC0A /* VenturusChallenge.strings */; };
		5FA9DF5F24C76DF90030FC0A /* String+Extension.swift in Sources */ = {isa = PBXBuildFile; fileRef = 5FA9DF5E24C76DF90030FC0A /* String+Extension.swift */; };
		5FA9DF6124C774320030FC0A /* URLSession+Extension.swift in Sources */ = {isa = PBXBuildFile; fileRef = 5FA9DF6024C774320030FC0A /* URLSession+Extension.swift */; };
		5FA9DF6324C778B80030FC0A /* ImageModel.swift in Sources */ = {isa = PBXBuildFile; fileRef = 5FA9DF6224C778B80030FC0A /* ImageModel.swift */; };
		5FA9DF6524C77D750030FC0A /* ImageViewModel.swift in Sources */ = {isa = PBXBuildFile; fileRef = 5FA9DF6424C77D750030FC0A /* ImageViewModel.swift */; };
		5FA9DF6724C78D340030FC0A /* HTTPManagerTests.swift in Sources */ = {isa = PBXBuildFile; fileRef = 5FA9DF6624C78D340030FC0A /* HTTPManagerTests.swift */; };
		5FA9DF6A24C78DA50030FC0A /* MockURLSession.swift in Sources */ = {isa = PBXBuildFile; fileRef = 5FA9DF6924C78DA50030FC0A /* MockURLSession.swift */; };
		5FA9DF6D24C79AFE0030FC0A /* ImageCollectionViewCell.swift in Sources */ = {isa = PBXBuildFile; fileRef = 5FA9DF6B24C79AFE0030FC0A /* ImageCollectionViewCell.swift */; };
		5FA9DF6E24C79AFE0030FC0A /* ImageCollectionViewCell.xib in Resources */ = {isa = PBXBuildFile; fileRef = 5FA9DF6C24C79AFE0030FC0A /* ImageCollectionViewCell.xib */; };
		5FA9DF7024C8E6E70030FC0A /* ImageCollectionViewModel.swift in Sources */ = {isa = PBXBuildFile; fileRef = 5FA9DF6F24C8E6E70030FC0A /* ImageCollectionViewModel.swift */; };
		5FA9DF7424C91C500030FC0A /* Utils.swift in Sources */ = {isa = PBXBuildFile; fileRef = 5FA9DF7324C91C4F0030FC0A /* Utils.swift */; };
/* End PBXBuildFile section */

/* Begin PBXContainerItemProxy section */
		5FA9DF3A24C7625F0030FC0A /* PBXContainerItemProxy */ = {
			isa = PBXContainerItemProxy;
			containerPortal = 5FA9DF1B24C7625B0030FC0A /* Project object */;
			proxyType = 1;
			remoteGlobalIDString = 5FA9DF2224C7625B0030FC0A;
			remoteInfo = VenturusChallenge;
		};
/* End PBXContainerItemProxy section */

/* Begin PBXFileReference section */
		5FA9DF2324C7625B0030FC0A /* VenturusChallenge.app */ = {isa = PBXFileReference; explicitFileType = wrapper.application; includeInIndex = 0; path = VenturusChallenge.app; sourceTree = BUILT_PRODUCTS_DIR; };
		5FA9DF2624C7625B0030FC0A /* AppDelegate.swift */ = {isa = PBXFileReference; lastKnownFileType = sourcecode.swift; path = AppDelegate.swift; sourceTree = "<group>"; };
		5FA9DF2824C7625B0030FC0A /* SceneDelegate.swift */ = {isa = PBXFileReference; lastKnownFileType = sourcecode.swift; path = SceneDelegate.swift; sourceTree = "<group>"; };
		5FA9DF2A24C7625B0030FC0A /* ImageCollectionViewController.swift */ = {isa = PBXFileReference; lastKnownFileType = sourcecode.swift; path = ImageCollectionViewController.swift; sourceTree = "<group>"; };
		5FA9DF2D24C7625B0030FC0A /* Base */ = {isa = PBXFileReference; lastKnownFileType = file.storyboard; name = Base; path = Base.lproj/Main.storyboard; sourceTree = "<group>"; };
		5FA9DF2F24C7625F0030FC0A /* Assets.xcassets */ = {isa = PBXFileReference; lastKnownFileType = folder.assetcatalog; path = Assets.xcassets; sourceTree = "<group>"; };
		5FA9DF3224C7625F0030FC0A /* Base */ = {isa = PBXFileReference; lastKnownFileType = file.storyboard; name = Base; path = Base.lproj/LaunchScreen.storyboard; sourceTree = "<group>"; };
		5FA9DF3424C7625F0030FC0A /* Info.plist */ = {isa = PBXFileReference; lastKnownFileType = text.plist.xml; path = Info.plist; sourceTree = "<group>"; };
		5FA9DF3924C7625F0030FC0A /* VenturusChallengeTests.xctest */ = {isa = PBXFileReference; explicitFileType = wrapper.cfbundle; includeInIndex = 0; path = VenturusChallengeTests.xctest; sourceTree = BUILT_PRODUCTS_DIR; };
		5FA9DF3D24C7625F0030FC0A /* VenturusChallengeTests.swift */ = {isa = PBXFileReference; lastKnownFileType = sourcecode.swift; path = VenturusChallengeTests.swift; sourceTree = "<group>"; };
		5FA9DF3F24C7625F0030FC0A /* Info.plist */ = {isa = PBXFileReference; lastKnownFileType = text.plist.xml; path = Info.plist; sourceTree = "<group>"; };
		5FA9DF5824C76B7E0030FC0A /* EndPoints.swift */ = {isa = PBXFileReference; lastKnownFileType = sourcecode.swift; path = EndPoints.swift; sourceTree = "<group>"; };
		5FA9DF5A24C76D590030FC0A /* HTTPManager.swift */ = {isa = PBXFileReference; lastKnownFileType = sourcecode.swift; path = HTTPManager.swift; sourceTree = "<group>"; };
		5FA9DF5C24C76D9B0030FC0A /* VenturusChallenge.strings */ = {isa = PBXFileReference; lastKnownFileType = text.plist.strings; path = VenturusChallenge.strings; sourceTree = "<group>"; };
		5FA9DF5E24C76DF90030FC0A /* String+Extension.swift */ = {isa = PBXFileReference; lastKnownFileType = sourcecode.swift; path = "String+Extension.swift"; sourceTree = "<group>"; };
		5FA9DF6024C774320030FC0A /* URLSession+Extension.swift */ = {isa = PBXFileReference; lastKnownFileType = sourcecode.swift; path = "URLSession+Extension.swift"; sourceTree = "<group>"; };
		5FA9DF6224C778B80030FC0A /* ImageModel.swift */ = {isa = PBXFileReference; lastKnownFileType = sourcecode.swift; path = ImageModel.swift; sourceTree = "<group>"; };
		5FA9DF6424C77D750030FC0A /* ImageViewModel.swift */ = {isa = PBXFileReference; lastKnownFileType = sourcecode.swift; path = ImageViewModel.swift; sourceTree = "<group>"; };
		5FA9DF6624C78D340030FC0A /* HTTPManagerTests.swift */ = {isa = PBXFileReference; lastKnownFileType = sourcecode.swift; path = HTTPManagerTests.swift; sourceTree = "<group>"; };
		5FA9DF6924C78DA50030FC0A /* MockURLSession.swift */ = {isa = PBXFileReference; lastKnownFileType = sourcecode.swift; path = MockURLSession.swift; sourceTree = "<group>"; };
		5FA9DF6B24C79AFE0030FC0A /* ImageCollectionViewCell.swift */ = {isa = PBXFileReference; lastKnownFileType = sourcecode.swift; path = ImageCollectionViewCell.swift; sourceTree = "<group>"; };
		5FA9DF6C24C79AFE0030FC0A /* ImageCollectionViewCell.xib */ = {isa = PBXFileReference; lastKnownFileType = file.xib; path = ImageCollectionViewCell.xib; sourceTree = "<group>"; };
		5FA9DF6F24C8E6E70030FC0A /* ImageCollectionViewModel.swift */ = {isa = PBXFileReference; lastKnownFileType = sourcecode.swift; path = ImageCollectionViewModel.swift; sourceTree = "<group>"; };
		5FA9DF7324C91C4F0030FC0A /* Utils.swift */ = {isa = PBXFileReference; lastKnownFileType = sourcecode.swift; path = Utils.swift; sourceTree = "<group>"; };
/* End PBXFileReference section */

/* Begin PBXFrameworksBuildPhase section */
		5FA9DF2024C7625B0030FC0A /* Frameworks */ = {
			isa = PBXFrameworksBuildPhase;
			buildActionMask = 2147483647;
			files = (
			);
			runOnlyForDeploymentPostprocessing = 0;
		};
		5FA9DF3624C7625F0030FC0A /* Frameworks */ = {
			isa = PBXFrameworksBuildPhase;
			buildActionMask = 2147483647;
			files = (
			);
			runOnlyForDeploymentPostprocessing = 0;
		};
/* End PBXFrameworksBuildPhase section */

/* Begin PBXGroup section */
		5FA9DF1A24C7625B0030FC0A = {
			isa = PBXGroup;
			children = (
				5FA9DF2524C7625B0030FC0A /* VenturusChallenge */,
				5FA9DF3C24C7625F0030FC0A /* VenturusChallengeTests */,
				5FA9DF2424C7625B0030FC0A /* Products */,
			);
			sourceTree = "<group>";
		};
		5FA9DF2424C7625B0030FC0A /* Products */ = {
			isa = PBXGroup;
			children = (
				5FA9DF2324C7625B0030FC0A /* VenturusChallenge.app */,
				5FA9DF3924C7625F0030FC0A /* VenturusChallengeTests.xctest */,
			);
			name = Products;
			sourceTree = "<group>";
		};
		5FA9DF2524C7625B0030FC0A /* VenturusChallenge */ = {
			isa = PBXGroup;
			children = (
				5FA9DF4824C769400030FC0A /* AppDelegate */,
				5FA9DF4924C7695F0030FC0A /* Services */,
				5FA9DF4A24C769710030FC0A /* Resources */,
				5FA9DF4B24C769800030FC0A /* Extensions */,
				5FA9DF4C24C7698C0030FC0A /* Utils */,
				5FA9DF4D24C7699A0030FC0A /* Model */,
				5FA9DF4E24C769A50030FC0A /* ViewModel */,
				5FA9DF4F24C769B00030FC0A /* View */,
			);
			path = VenturusChallenge;
			sourceTree = "<group>";
		};
		5FA9DF3C24C7625F0030FC0A /* VenturusChallengeTests */ = {
			isa = PBXGroup;
			children = (
				5FA9DF6824C78D850030FC0A /* Mocks */,
				5FA9DF5624C76A4B0030FC0A /* ViewModelTests */,
				5FA9DF5524C76A3E0030FC0A /* ModelTests */,
				5FA9DF5424C76A280030FC0A /* ServiceTests */,
				5FA9DF3D24C7625F0030FC0A /* VenturusChallengeTests.swift */,
				5FA9DF3F24C7625F0030FC0A /* Info.plist */,
			);
			path = VenturusChallengeTests;
			sourceTree = "<group>";
		};
		5FA9DF4824C769400030FC0A /* AppDelegate */ = {
			isa = PBXGroup;
			children = (
				5FA9DF2624C7625B0030FC0A /* AppDelegate.swift */,
				5FA9DF2824C7625B0030FC0A /* SceneDelegate.swift */,
			);
			path = AppDelegate;
			sourceTree = "<group>";
		};
		5FA9DF4924C7695F0030FC0A /* Services */ = {
			isa = PBXGroup;
			children = (
				5FA9DF5724C76B5F0030FC0A /* EndPoints */,
				5FA9DF5A24C76D590030FC0A /* HTTPManager.swift */,
			);
			path = Services;
			sourceTree = "<group>";
		};
		5FA9DF4A24C769710030FC0A /* Resources */ = {
			isa = PBXGroup;
			children = (
				5FA9DF5324C76A0B0030FC0A /* Assets */,
				5FA9DF3424C7625F0030FC0A /* Info.plist */,
			);
			path = Resources;
			sourceTree = "<group>";
		};
		5FA9DF4B24C769800030FC0A /* Extensions */ = {
			isa = PBXGroup;
			children = (
				5FA9DF5E24C76DF90030FC0A /* String+Extension.swift */,
				5FA9DF6024C774320030FC0A /* URLSession+Extension.swift */,
			);
			path = Extensions;
			sourceTree = "<group>";
		};
		5FA9DF4C24C7698C0030FC0A /* Utils */ = {
			isa = PBXGroup;
			children = (
				5FA9DF7324C91C4F0030FC0A /* Utils.swift */,
			);
			path = Utils;
			sourceTree = "<group>";
		};
		5FA9DF4D24C7699A0030FC0A /* Model */ = {
			isa = PBXGroup;
			children = (
				5FA9DF6224C778B80030FC0A /* ImageModel.swift */,
			);
			path = Model;
			sourceTree = "<group>";
		};
		5FA9DF4E24C769A50030FC0A /* ViewModel */ = {
			isa = PBXGroup;
			children = (
				5FA9DF6424C77D750030FC0A /* ImageViewModel.swift */,
				5FA9DF6F24C8E6E70030FC0A /* ImageCollectionViewModel.swift */,
			);
			path = ViewModel;
			sourceTree = "<group>";
		};
		5FA9DF4F24C769B00030FC0A /* View */ = {
			isa = PBXGroup;
			children = (
				5FA9DF5024C769CB0030FC0A /* Layout */,
				5FA9DF2A24C7625B0030FC0A /* ImageCollectionViewController.swift */,
				5FA9DF6B24C79AFE0030FC0A /* ImageCollectionViewCell.swift */,
			);
			path = View;
			sourceTree = "<group>";
		};
		5FA9DF5024C769CB0030FC0A /* Layout */ = {
			isa = PBXGroup;
			children = (
				5FA9DF2C24C7625B0030FC0A /* Main.storyboard */,
				5FA9DF3124C7625F0030FC0A /* LaunchScreen.storyboard */,
				5FA9DF6C24C79AFE0030FC0A /* ImageCollectionViewCell.xib */,
			);
			path = Layout;
			sourceTree = "<group>";
		};
		5FA9DF5324C76A0B0030FC0A /* Assets */ = {
			isa = PBXGroup;
			children = (
				5FA9DF2F24C7625F0030FC0A /* Assets.xcassets */,
				5FA9DF5C24C76D9B0030FC0A /* VenturusChallenge.strings */,
			);
			path = Assets;
			sourceTree = "<group>";
		};
		5FA9DF5424C76A280030FC0A /* ServiceTests */ = {
			isa = PBXGroup;
			children = (
			);
			path = ServiceTests;
			sourceTree = "<group>";
		};
		5FA9DF5524C76A3E0030FC0A /* ModelTests */ = {
			isa = PBXGroup;
			children = (
			);
			path = ModelTests;
			sourceTree = "<group>";
		};
		5FA9DF5624C76A4B0030FC0A /* ViewModelTests */ = {
			isa = PBXGroup;
			children = (
				5FA9DF6624C78D340030FC0A /* HTTPManagerTests.swift */,
			);
			path = ViewModelTests;
			sourceTree = "<group>";
		};
		5FA9DF5724C76B5F0030FC0A /* EndPoints */ = {
			isa = PBXGroup;
			children = (
				5FA9DF5824C76B7E0030FC0A /* EndPoints.swift */,
			);
			path = EndPoints;
			sourceTree = "<group>";
		};
		5FA9DF6824C78D850030FC0A /* Mocks */ = {
			isa = PBXGroup;
			children = (
				5FA9DF6924C78DA50030FC0A /* MockURLSession.swift */,
			);
			path = Mocks;
			sourceTree = "<group>";
		};
/* End PBXGroup section */

/* Begin PBXNativeTarget section */
		5FA9DF2224C7625B0030FC0A /* VenturusChallenge */ = {
			isa = PBXNativeTarget;
			buildConfigurationList = 5FA9DF4224C7625F0030FC0A /* Build configuration list for PBXNativeTarget "VenturusChallenge" */;
			buildPhases = (
				5FA9DF1F24C7625B0030FC0A /* Sources */,
				5FA9DF2024C7625B0030FC0A /* Frameworks */,
				5FA9DF2124C7625B0030FC0A /* Resources */,
			);
			buildRules = (
			);
			dependencies = (
			);
			name = VenturusChallenge;
			productName = VenturusChallenge;
			productReference = 5FA9DF2324C7625B0030FC0A /* VenturusChallenge.app */;
			productType = "com.apple.product-type.application";
		};
		5FA9DF3824C7625F0030FC0A /* VenturusChallengeTests */ = {
			isa = PBXNativeTarget;
			buildConfigurationList = 5FA9DF4524C7625F0030FC0A /* Build configuration list for PBXNativeTarget "VenturusChallengeTests" */;
			buildPhases = (
				5FA9DF3524C7625F0030FC0A /* Sources */,
				5FA9DF3624C7625F0030FC0A /* Frameworks */,
				5FA9DF3724C7625F0030FC0A /* Resources */,
			);
			buildRules = (
			);
			dependencies = (
				5FA9DF3B24C7625F0030FC0A /* PBXTargetDependency */,
			);
			name = VenturusChallengeTests;
			productName = VenturusChallengeTests;
			productReference = 5FA9DF3924C7625F0030FC0A /* VenturusChallengeTests.xctest */;
			productType = "com.apple.product-type.bundle.unit-test";
		};
/* End PBXNativeTarget section */

/* Begin PBXProject section */
		5FA9DF1B24C7625B0030FC0A /* Project object */ = {
			isa = PBXProject;
			attributes = {
				LastSwiftUpdateCheck = 1160;
				LastUpgradeCheck = 1160;
				ORGANIZATIONNAME = ruyther;
				TargetAttributes = {
					5FA9DF2224C7625B0030FC0A = {
						CreatedOnToolsVersion = 11.6;
					};
					5FA9DF3824C7625F0030FC0A = {
						CreatedOnToolsVersion = 11.6;
						TestTargetID = 5FA9DF2224C7625B0030FC0A;
					};
				};
			};
			buildConfigurationList = 5FA9DF1E24C7625B0030FC0A /* Build configuration list for PBXProject "VenturusChallenge" */;
			compatibilityVersion = "Xcode 9.3";
			developmentRegion = en;
			hasScannedForEncodings = 0;
			knownRegions = (
				en,
				Base,
			);
			mainGroup = 5FA9DF1A24C7625B0030FC0A;
			productRefGroup = 5FA9DF2424C7625B0030FC0A /* Products */;
			projectDirPath = "";
			projectRoot = "";
			targets = (
				5FA9DF2224C7625B0030FC0A /* VenturusChallenge */,
				5FA9DF3824C7625F0030FC0A /* VenturusChallengeTests */,
			);
		};
/* End PBXProject section */

/* Begin PBXResourcesBuildPhase section */
		5FA9DF2124C7625B0030FC0A /* Resources */ = {
			isa = PBXResourcesBuildPhase;
			buildActionMask = 2147483647;
			files = (
				5FA9DF5D24C76D9B0030FC0A /* VenturusChallenge.strings in Resources */,
				5FA9DF3324C7625F0030FC0A /* LaunchScreen.storyboard in Resources */,
				5FA9DF3024C7625F0030FC0A /* Assets.xcassets in Resources */,
				5FA9DF2E24C7625B0030FC0A /* Main.storyboard in Resources */,
				5FA9DF6E24C79AFE0030FC0A /* ImageCollectionViewCell.xib in Resources */,
			);
			runOnlyForDeploymentPostprocessing = 0;
		};
		5FA9DF3724C7625F0030FC0A /* Resources */ = {
			isa = PBXResourcesBuildPhase;
			buildActionMask = 2147483647;
			files = (
			);
			runOnlyForDeploymentPostprocessing = 0;
		};
/* End PBXResourcesBuildPhase section */

/* Begin PBXSourcesBuildPhase section */
		5FA9DF1F24C7625B0030FC0A /* Sources */ = {
			isa = PBXSourcesBuildPhase;
			buildActionMask = 2147483647;
			files = (
				5FA9DF2B24C7625B0030FC0A /* ImageCollectionViewController.swift in Sources */,
				5FA9DF2724C7625B0030FC0A /* AppDelegate.swift in Sources */,
				5FA9DF6124C774320030FC0A /* URLSession+Extension.swift in Sources */,
				5FA9DF6524C77D750030FC0A /* ImageViewModel.swift in Sources */,
				5FA9DF5B24C76D590030FC0A /* HTTPManager.swift in Sources */,
				5FA9DF5924C76B7E0030FC0A /* EndPoints.swift in Sources */,
				5FA9DF6D24C79AFE0030FC0A /* ImageCollectionViewCell.swift in Sources */,
				5FA9DF7024C8E6E70030FC0A /* ImageCollectionViewModel.swift in Sources */,
				5FA9DF5F24C76DF90030FC0A /* String+Extension.swift in Sources */,
				5FA9DF2924C7625B0030FC0A /* SceneDelegate.swift in Sources */,
				5FA9DF6324C778B80030FC0A /* ImageModel.swift in Sources */,
				5FA9DF7424C91C500030FC0A /* Utils.swift in Sources */,
			);
			runOnlyForDeploymentPostprocessing = 0;
		};
		5FA9DF3524C7625F0030FC0A /* Sources */ = {
			isa = PBXSourcesBuildPhase;
			buildActionMask = 2147483647;
			files = (
				5FA9DF6A24C78DA50030FC0A /* MockURLSession.swift in Sources */,
				5FA9DF3E24C7625F0030FC0A /* VenturusChallengeTests.swift in Sources */,
				5FA9DF6724C78D340030FC0A /* HTTPManagerTests.swift in Sources */,
			);
			runOnlyForDeploymentPostprocessing = 0;
		};
/* End PBXSourcesBuildPhase section */

/* Begin PBXTargetDependency section */
		5FA9DF3B24C7625F0030FC0A /* PBXTargetDependency */ = {
			isa = PBXTargetDependency;
			target = 5FA9DF2224C7625B0030FC0A /* VenturusChallenge */;
			targetProxy = 5FA9DF3A24C7625F0030FC0A /* PBXContainerItemProxy */;
		};
/* End PBXTargetDependency section */

/* Begin PBXVariantGroup section */
		5FA9DF2C24C7625B0030FC0A /* Main.storyboard */ = {
			isa = PBXVariantGroup;
			children = (
				5FA9DF2D24C7625B0030FC0A /* Base */,
			);
			name = Main.storyboard;
			sourceTree = "<group>";
		};
		5FA9DF3124C7625F0030FC0A /* LaunchScreen.storyboard */ = {
			isa = PBXVariantGroup;
			children = (
				5FA9DF3224C7625F0030FC0A /* Base */,
			);
			name = LaunchScreen.storyboard;
			sourceTree = "<group>";
		};
/* End PBXVariantGroup section */

/* Begin XCBuildConfiguration section */
		5FA9DF4024C7625F0030FC0A /* Debug */ = {
			isa = XCBuildConfiguration;
			buildSettings = {
				ALWAYS_SEARCH_USER_PATHS = NO;
				CLANG_ANALYZER_NONNULL = YES;
				CLANG_ANALYZER_NUMBER_OBJECT_CONVERSION = YES_AGGRESSIVE;
				CLANG_CXX_LANGUAGE_STANDARD = "gnu++14";
				CLANG_CXX_LIBRARY = "libc++";
				CLANG_ENABLE_MODULES = YES;
				CLANG_ENABLE_OBJC_ARC = YES;
				CLANG_ENABLE_OBJC_WEAK = YES;
				CLANG_WARN_BLOCK_CAPTURE_AUTORELEASING = YES;
				CLANG_WARN_BOOL_CONVERSION = YES;
				CLANG_WARN_COMMA = YES;
				CLANG_WARN_CONSTANT_CONVERSION = YES;
				CLANG_WARN_DEPRECATED_OBJC_IMPLEMENTATIONS = YES;
				CLANG_WARN_DIRECT_OBJC_ISA_USAGE = YES_ERROR;
				CLANG_WARN_DOCUMENTATION_COMMENTS = YES;
				CLANG_WARN_EMPTY_BODY = YES;
				CLANG_WARN_ENUM_CONVERSION = YES;
				CLANG_WARN_INFINITE_RECURSION = YES;
				CLANG_WARN_INT_CONVERSION = YES;
				CLANG_WARN_NON_LITERAL_NULL_CONVERSION = YES;
				CLANG_WARN_OBJC_IMPLICIT_RETAIN_SELF = YES;
				CLANG_WARN_OBJC_LITERAL_CONVERSION = YES;
				CLANG_WARN_OBJC_ROOT_CLASS = YES_ERROR;
				CLANG_WARN_RANGE_LOOP_ANALYSIS = YES;
				CLANG_WARN_STRICT_PROTOTYPES = YES;
				CLANG_WARN_SUSPICIOUS_MOVE = YES;
				CLANG_WARN_UNGUARDED_AVAILABILITY = YES_AGGRESSIVE;
				CLANG_WARN_UNREACHABLE_CODE = YES;
				CLANG_WARN__DUPLICATE_METHOD_MATCH = YES;
				COPY_PHASE_STRIP = NO;
				DEBUG_INFORMATION_FORMAT = dwarf;
				ENABLE_STRICT_OBJC_MSGSEND = YES;
				ENABLE_TESTABILITY = YES;
				GCC_C_LANGUAGE_STANDARD = gnu11;
				GCC_DYNAMIC_NO_PIC = NO;
				GCC_NO_COMMON_BLOCKS = YES;
				GCC_OPTIMIZATION_LEVEL = 0;
				GCC_PREPROCESSOR_DEFINITIONS = (
					"DEBUG=1",
					"$(inherited)",
				);
				GCC_WARN_64_TO_32_BIT_CONVERSION = YES;
				GCC_WARN_ABOUT_RETURN_TYPE = YES_ERROR;
				GCC_WARN_UNDECLARED_SELECTOR = YES;
				GCC_WARN_UNINITIALIZED_AUTOS = YES_AGGRESSIVE;
				GCC_WARN_UNUSED_FUNCTION = YES;
				GCC_WARN_UNUSED_VARIABLE = YES;
				IPHONEOS_DEPLOYMENT_TARGET = 13.6;
				MTL_ENABLE_DEBUG_INFO = INCLUDE_SOURCE;
				MTL_FAST_MATH = YES;
				ONLY_ACTIVE_ARCH = YES;
				SDKROOT = iphoneos;
				SWIFT_ACTIVE_COMPILATION_CONDITIONS = DEBUG;
				SWIFT_OPTIMIZATION_LEVEL = "-Onone";
			};
			name = Debug;
		};
		5FA9DF4124C7625F0030FC0A /* Release */ = {
			isa = XCBuildConfiguration;
			buildSettings = {
				ALWAYS_SEARCH_USER_PATHS = NO;
				CLANG_ANALYZER_NONNULL = YES;
				CLANG_ANALYZER_NUMBER_OBJECT_CONVERSION = YES_AGGRESSIVE;
				CLANG_CXX_LANGUAGE_STANDARD = "gnu++14";
				CLANG_CXX_LIBRARY = "libc++";
				CLANG_ENABLE_MODULES = YES;
				CLANG_ENABLE_OBJC_ARC = YES;
				CLANG_ENABLE_OBJC_WEAK = YES;
				CLANG_WARN_BLOCK_CAPTURE_AUTORELEASING = YES;
				CLANG_WARN_BOOL_CONVERSION = YES;
				CLANG_WARN_COMMA = YES;
				CLANG_WARN_CONSTANT_CONVERSION = YES;
				CLANG_WARN_DEPRECATED_OBJC_IMPLEMENTATIONS = YES;
				CLANG_WARN_DIRECT_OBJC_ISA_USAGE = YES_ERROR;
				CLANG_WARN_DOCUMENTATION_COMMENTS = YES;
				CLANG_WARN_EMPTY_BODY = YES;
				CLANG_WARN_ENUM_CONVERSION = YES;
				CLANG_WARN_INFINITE_RECURSION = YES;
				CLANG_WARN_INT_CONVERSION = YES;
				CLANG_WARN_NON_LITERAL_NULL_CONVERSION = YES;
				CLANG_WARN_OBJC_IMPLICIT_RETAIN_SELF = YES;
				CLANG_WARN_OBJC_LITERAL_CONVERSION = YES;
				CLANG_WARN_OBJC_ROOT_CLASS = YES_ERROR;
				CLANG_WARN_RANGE_LOOP_ANALYSIS = YES;
				CLANG_WARN_STRICT_PROTOTYPES = YES;
				CLANG_WARN_SUSPICIOUS_MOVE = YES;
				CLANG_WARN_UNGUARDED_AVAILABILITY = YES_AGGRESSIVE;
				CLANG_WARN_UNREACHABLE_CODE = YES;
				CLANG_WARN__DUPLICATE_METHOD_MATCH = YES;
				COPY_PHASE_STRIP = NO;
				DEBUG_INFORMATION_FORMAT = "dwarf-with-dsym";
				ENABLE_NS_ASSERTIONS = NO;
				ENABLE_STRICT_OBJC_MSGSEND = YES;
				GCC_C_LANGUAGE_STANDARD = gnu11;
				GCC_NO_COMMON_BLOCKS = YES;
				GCC_WARN_64_TO_32_BIT_CONVERSION = YES;
				GCC_WARN_ABOUT_RETURN_TYPE = YES_ERROR;
				GCC_WARN_UNDECLARED_SELECTOR = YES;
				GCC_WARN_UNINITIALIZED_AUTOS = YES_AGGRESSIVE;
				GCC_WARN_UNUSED_FUNCTION = YES;
				GCC_WARN_UNUSED_VARIABLE = YES;
				IPHONEOS_DEPLOYMENT_TARGET = 13.6;
				MTL_ENABLE_DEBUG_INFO = NO;
				MTL_FAST_MATH = YES;
				SDKROOT = iphoneos;
				SWIFT_COMPILATION_MODE = wholemodule;
				SWIFT_OPTIMIZATION_LEVEL = "-O";
				VALIDATE_PRODUCT = YES;
			};
			name = Release;
		};
		5FA9DF4324C7625F0030FC0A /* Debug */ = {
			isa = XCBuildConfiguration;
			buildSettings = {
				ASSETCATALOG_COMPILER_APPICON_NAME = AppIcon;
				CODE_SIGN_STYLE = Automatic;
				DEVELOPMENT_TEAM = CSD6NA874L;
				INFOPLIST_FILE = VenturusChallenge/Resources/Info.plist;
				LD_RUNPATH_SEARCH_PATHS = (
					"$(inherited)",
					"@executable_path/Frameworks",
				);
				PRODUCT_BUNDLE_IDENTIFIER = br.com.ruyther.VenturusChallenge;
				PRODUCT_NAME = "$(TARGET_NAME)";
				SWIFT_VERSION = 5.0;
				TARGETED_DEVICE_FAMILY = "1,2";
			};
			name = Debug;
		};
		5FA9DF4424C7625F0030FC0A /* Release */ = {
			isa = XCBuildConfiguration;
			buildSettings = {
				ASSETCATALOG_COMPILER_APPICON_NAME = AppIcon;
				CODE_SIGN_STYLE = Automatic;
				DEVELOPMENT_TEAM = CSD6NA874L;
				INFOPLIST_FILE = VenturusChallenge/Resources/Info.plist;
				LD_RUNPATH_SEARCH_PATHS = (
					"$(inherited)",
					"@executable_path/Frameworks",
				);
				PRODUCT_BUNDLE_IDENTIFIER = br.com.ruyther.VenturusChallenge;
				PRODUCT_NAME = "$(TARGET_NAME)";
				SWIFT_VERSION = 5.0;
				TARGETED_DEVICE_FAMILY = "1,2";
			};
			name = Release;
		};
		5FA9DF4624C7625F0030FC0A /* Debug */ = {
			isa = XCBuildConfiguration;
			buildSettings = {
				ALWAYS_EMBED_SWIFT_STANDARD_LIBRARIES = YES;
				BUNDLE_LOADER = "$(TEST_HOST)";
				CODE_SIGN_STYLE = Automatic;
				DEVELOPMENT_TEAM = CSD6NA874L;
				INFOPLIST_FILE = VenturusChallengeTests/Info.plist;
				IPHONEOS_DEPLOYMENT_TARGET = 13.6;
				LD_RUNPATH_SEARCH_PATHS = (
					"$(inherited)",
					"@executable_path/Frameworks",
					"@loader_path/Frameworks",
				);
				PRODUCT_BUNDLE_IDENTIFIER = br.com.ruyther.VenturusChallengeTests;
				PRODUCT_NAME = "$(TARGET_NAME)";
				SWIFT_VERSION = 5.0;
				TARGETED_DEVICE_FAMILY = "1,2";
				TEST_HOST = "$(BUILT_PRODUCTS_DIR)/VenturusChallenge.app/VenturusChallenge";
			};
			name = Debug;
		};
		5FA9DF4724C7625F0030FC0A /* Release */ = {
			isa = XCBuildConfiguration;
			buildSettings = {
				ALWAYS_EMBED_SWIFT_STANDARD_LIBRARIES = YES;
				BUNDLE_LOADER = "$(TEST_HOST)";
				CODE_SIGN_STYLE = Automatic;
				DEVELOPMENT_TEAM = CSD6NA874L;
				INFOPLIST_FILE = VenturusChallengeTests/Info.plist;
				IPHONEOS_DEPLOYMENT_TARGET = 13.6;
				LD_RUNPATH_SEARCH_PATHS = (
					"$(inherited)",
					"@executable_path/Frameworks",
					"@loader_path/Frameworks",
				);
				PRODUCT_BUNDLE_IDENTIFIER = br.com.ruyther.VenturusChallengeTests;
				PRODUCT_NAME = "$(TARGET_NAME)";
				SWIFT_VERSION = 5.0;
				TARGETED_DEVICE_FAMILY = "1,2";
				TEST_HOST = "$(BUILT_PRODUCTS_DIR)/VenturusChallenge.app/VenturusChallenge";
			};
			name = Release;
		};
/* End XCBuildConfiguration section */

/* Begin XCConfigurationList section */
		5FA9DF1E24C7625B0030FC0A /* Build configuration list for PBXProject "VenturusChallenge" */ = {
			isa = XCConfigurationList;
			buildConfigurations = (
				5FA9DF4024C7625F0030FC0A /* Debug */,
				5FA9DF4124C7625F0030FC0A /* Release */,
			);
			defaultConfigurationIsVisible = 0;
			defaultConfigurationName = Release;
		};
		5FA9DF4224C7625F0030FC0A /* Build configuration list for PBXNativeTarget "VenturusChallenge" */ = {
			isa = XCConfigurationList;
			buildConfigurations = (
				5FA9DF4324C7625F0030FC0A /* Debug */,
				5FA9DF4424C7625F0030FC0A /* Release */,
			);
			defaultConfigurationIsVisible = 0;
			defaultConfigurationName = Release;
		};
		5FA9DF4524C7625F0030FC0A /* Build configuration list for PBXNativeTarget "VenturusChallengeTests" */ = {
			isa = XCConfigurationList;
			buildConfigurations = (
				5FA9DF4624C7625F0030FC0A /* Debug */,
				5FA9DF4724C7625F0030FC0A /* Release */,
			);
			defaultConfigurationIsVisible = 0;
			defaultConfigurationName = Release;
		};
/* End XCConfigurationList section */
	};
	rootObject = 5FA9DF1B24C7625B0030FC0A /* Project object */;
}
